Microsoft Visual Studio Solution File, Format Version 12.00
# Visual Studio Version 17
VisualStudioVersion = 17.5.2.0
MinimumVisualStudioVersion = 10.0.40219.1
Project("{2150E333-8FDC-42A3-9474-1A3956D46DE8}") = "tutorials", "tutorials", "{B2B24531-CF78-2AE9-3352-6D2AC8FC8718}"
EndProject
Project("{FAE04EC0-301F-11D3-BF4B-00C04F79EFBC}") = "01-hello-world", "tutorials\01-hello-world\01-hello-world.csproj", "{818CD2C4-CA4F-1619-8E10-89A4B367CDEE}"
EndProject
Global
	GlobalSection(SolutionConfigurationPlatforms) = preSolution
		Debug|Any CPU = Debug|Any CPU
		Release|Any CPU = Release|Any CPU
	EndGlobalSection
	GlobalSection(ProjectConfigurationPlatforms) = postSolution
		{818CD2C4-CA4F-1619-8E10-89A4B367CDEE}.Debug|Any CPU.ActiveCfg = Debug|Any CPU
		{818CD2C4-CA4F-1619-8E10-89A4B367CDEE}.Debug|Any CPU.Build.0 = Debug|Any CPU
		{818CD2C4-CA4F-1619-8E10-89A4B367CDEE}.Release|Any CPU.ActiveCfg = Release|Any CPU
		{818CD2C4-CA4F-1619-8E10-89A4B367CDEE}.Release|Any CPU.Build.0 = Release|Any CPU
	EndGlobalSection
	GlobalSection(SolutionProperties) = preSolution
		HideSolutionNode = FALSE
	EndGlobalSection
	GlobalSection(NestedProjects) = preSolution
		{818CD2C4-CA4F-1619-8E10-89A4B367CDEE} = {B2B24531-CF78-2AE9-3352-6D2AC8FC8718}
	EndGlobalSection
	GlobalSection(ExtensibilityGlobals) = postSolution
		SolutionGuid = {45A439BA-3686-4B8B-9BDE-72F6709A9CE7}
	EndGlobalSection
EndGlobal
